{
  "originHash" : "696d81c11a1f06daba22f54f9f72f42beceb4ecc31a8fadfe6c41320b1c25fe3",
  "pins" : [
    {
      "identity" : "reachability.swift",
      "kind" : "remoteSourceControl",
      "location" : "https://github.com/ashleymills/Reachability.swift",
      "state" : {
        "branch" : "master",
        "revision" : "21d1dc412cfecbe6e34f1f4c4eb88d3f912654a6"
      }
    },
    {
      "identity" : "viewinspector",
      "kind" : "remoteSourceControl",
      "location" : "https://github.com/nalexn/ViewInspector.git",
      "state" : {
        "revision" : "a6fcac8485bc8f57b2d2b55bb6d97138e8659e4b",
        "version" : "0.10.2"
      }
    }
  ],
  "version" : 3
}
