// !$*UTF8*$!
{
	archiveVersion = 1;
	classes = {
	};
	objectVersion = 77;
	objects = {

/* Begin PBXBuildFile section */
		7161FCDD2E1E9AAA0005AB8E /* ViewInspector in Frameworks */ = {isa = PBXBuildFile; productRef = 7161FCDC2E1E9AAA0005AB8E /* ViewInspector */; };
		7B3ED6D32E2A245A00914BDB /* Reachability in Frameworks */ = {isa = PBXBuildFile; productRef = 7B3ED6D22E2A245A00914BDB /* Reachability */; };
/* End PBXBuildFile section */

/* Begin PBXContainerItemProxy section */
		7161FC902E1E8EBB0005AB8E /* PBXContainerItemProxy */ = {
			isa = PBXContainerItemProxy;
			containerPortal = 7161FC792E1E8EB90005AB8E /* Project object */;
			proxyType = 1;
			remoteGlobalIDString = 7161FC802E1E8EB90005AB8E;
			remoteInfo = LBG_Demo;
		};
		7161FC9A2E1E8EBB0005AB8E /* PBXContainerItemProxy */ = {
			isa = PBXContainerItemProxy;
			containerPortal = 7161FC792E1E8EB90005AB8E /* Project object */;
			proxyType = 1;
			remoteGlobalIDString = 7161FC802E1E8EB90005AB8E;
			remoteInfo = LBG_Demo;
		};
/* End PBXContainerItemProxy section */

/* Begin PBXFileReference section */
		7161FC812E1E8EB90005AB8E /* LBG_Demo.app */ = {isa = PBXFileReference; explicitFileType = wrapper.application; includeInIndex = 0; path = LBG_Demo.app; sourceTree = BUILT_PRODUCTS_DIR; };
		7161FC8F2E1E8EBB0005AB8E /* LBG_DemoTests.xctest */ = {isa = PBXFileReference; explicitFileType = wrapper.cfbundle; includeInIndex = 0; path = LBG_DemoTests.xctest; sourceTree = BUILT_PRODUCTS_DIR; };
		7161FC992E1E8EBB0005AB8E /* LBG_DemoUITests.xctest */ = {isa = PBXFileReference; explicitFileType = wrapper.cfbundle; includeInIndex = 0; path = LBG_DemoUITests.xctest; sourceTree = BUILT_PRODUCTS_DIR; };
/* End PBXFileReference section */

/* Begin PBXFileSystemSynchronizedRootGroup section */
		7161FC832E1E8EB90005AB8E /* LBG_Demo */ = {
			isa = PBXFileSystemSynchronizedRootGroup;
			path = LBG_Demo;
			sourceTree = "<group>";
		};
		7161FC922E1E8EBB0005AB8E /* LBG_DemoTests */ = {
			isa = PBXFileSystemSynchronizedRootGroup;
			path = LBG_DemoTests;
			sourceTree = "<group>";
		};
		7161FC9C2E1E8EBB0005AB8E /* LBG_DemoUITests */ = {
			isa = PBXFileSystemSynchronizedRootGroup;
			path = LBG_DemoUITests;
			sourceTree = "<group>";
		};
/* End PBXFileSystemSynchronizedRootGroup section */

/* Begin PBXFrameworksBuildPhase section */
		7161FC7E2E1E8EB90005AB8E /* Frameworks */ = {
			isa = PBXFrameworksBuildPhase;
			buildActionMask = 2147483647;
			files = (
				7B3ED6D32E2A245A00914BDB /* Reachability in Frameworks */,
			);
			runOnlyForDeploymentPostprocessing = 0;
		};
		7161FC8C2E1E8EBB0005AB8E /* Frameworks */ = {
			isa = PBXFrameworksBuildPhase;
			buildActionMask = 2147483647;
			files = (
				7161FCDD2E1E9AAA0005AB8E /* ViewInspector in Frameworks */,
			);
			runOnlyForDeploymentPostprocessing = 0;
		};
		7161FC962E1E8EBB0005AB8E /* Frameworks */ = {
			isa = PBXFrameworksBuildPhase;
			buildActionMask = 2147483647;
			files = (
			);
			runOnlyForDeploymentPostprocessing = 0;
		};
/* End PBXFrameworksBuildPhase section */

/* Begin PBXGroup section */
		7161FC782E1E8EB90005AB8E = {
			isa = PBXGroup;
			children = (
				7161FC832E1E8EB90005AB8E /* LBG_Demo */,
				7161FC922E1E8EBB0005AB8E /* LBG_DemoTests */,
				7161FC9C2E1E8EBB0005AB8E /* LBG_DemoUITests */,
				7161FCD52E1E96220005AB8E /* Frameworks */,
				7161FC822E1E8EB90005AB8E /* Products */,
			);
			sourceTree = "<group>";
		};
		7161FC822E1E8EB90005AB8E /* Products */ = {
			isa = PBXGroup;
			children = (
				7161FC812E1E8EB90005AB8E /* LBG_Demo.app */,
				7161FC8F2E1E8EBB0005AB8E /* LBG_DemoTests.xctest */,
				7161FC992E1E8EBB0005AB8E /* LBG_DemoUITests.xctest */,
			);
			name = Products;
			sourceTree = "<group>";
		};
		7161FCD52E1E96220005AB8E /* Frameworks */ = {
			isa = PBXGroup;
			children = (
			);
			name = Frameworks;
			sourceTree = "<group>";
		};
/* End PBXGroup section */

/* Begin PBXNativeTarget section */
		7161FC802E1E8EB90005AB8E /* LBG_Demo */ = {
			isa = PBXNativeTarget;
			buildConfigurationList = 7161FCA32E1E8EBB0005AB8E /* Build configuration list for PBXNativeTarget "LBG_Demo" */;
			buildPhases = (
				7161FC7D2E1E8EB90005AB8E /* Sources */,
				7161FC7E2E1E8EB90005AB8E /* Frameworks */,
				7161FC7F2E1E8EB90005AB8E /* Resources */,
			);
			buildRules = (
			);
			dependencies = (
			);
			fileSystemSynchronizedGroups = (
				7161FC832E1E8EB90005AB8E /* LBG_Demo */,
			);
			name = LBG_Demo;
			packageProductDependencies = (
				7B3ED6D22E2A245A00914BDB /* Reachability */,
			);
			productName = LBG_Demo;
			productReference = 7161FC812E1E8EB90005AB8E /* LBG_Demo.app */;
			productType = "com.apple.product-type.application";
		};
		7161FC8E2E1E8EBB0005AB8E /* LBG_DemoTests */ = {
			isa = PBXNativeTarget;
			buildConfigurationList = 7161FCA62E1E8EBB0005AB8E /* Build configuration list for PBXNativeTarget "LBG_DemoTests" */;
			buildPhases = (
				7161FC8B2E1E8EBB0005AB8E /* Sources */,
				7161FC8C2E1E8EBB0005AB8E /* Frameworks */,
				7161FC8D2E1E8EBB0005AB8E /* Resources */,
			);
			buildRules = (
			);
			dependencies = (
				7161FC912E1E8EBB0005AB8E /* PBXTargetDependency */,
			);
			fileSystemSynchronizedGroups = (
				7161FC922E1E8EBB0005AB8E /* LBG_DemoTests */,
			);
			name = LBG_DemoTests;
			packageProductDependencies = (
				7161FCDC2E1E9AAA0005AB8E /* ViewInspector */,
			);
			productName = LBG_DemoTests;
			productReference = 7161FC8F2E1E8EBB0005AB8E /* LBG_DemoTests.xctest */;
			productType = "com.apple.product-type.bundle.unit-test";
		};
		7161FC982E1E8EBB0005AB8E /* LBG_DemoUITests */ = {
			isa = PBXNativeTarget;
			buildConfigurationList = 7161FCA92E1E8EBB0005AB8E /* Build configuration list for PBXNativeTarget "LBG_DemoUITests" */;
			buildPhases = (
				7161FC952E1E8EBB0005AB8E /* Sources */,
				7161FC962E1E8EBB0005AB8E /* Frameworks */,
				7161FC972E1E8EBB0005AB8E /* Resources */,
			);
			buildRules = (
			);
			dependencies = (
				7161FC9B2E1E8EBB0005AB8E /* PBXTargetDependency */,
			);
			fileSystemSynchronizedGroups = (
				7161FC9C2E1E8EBB0005AB8E /* LBG_DemoUITests */,
			);
			name = LBG_DemoUITests;
			packageProductDependencies = (
			);
			productName = LBG_DemoUITests;
			productReference = 7161FC992E1E8EBB0005AB8E /* LBG_DemoUITests.xctest */;
			productType = "com.apple.product-type.bundle.ui-testing";
		};
/* End PBXNativeTarget section */

/* Begin PBXProject section */
		7161FC792E1E8EB90005AB8E /* Project object */ = {
			isa = PBXProject;
			attributes = {
				BuildIndependentTargetsInParallel = 1;
				LastSwiftUpdateCheck = 1640;
				LastUpgradeCheck = 1640;
				TargetAttributes = {
					7161FC802E1E8EB90005AB8E = {
						CreatedOnToolsVersion = 16.4;
					};
					7161FC8E2E1E8EBB0005AB8E = {
						CreatedOnToolsVersion = 16.4;
						TestTargetID = 7161FC802E1E8EB90005AB8E;
					};
					7161FC982E1E8EBB0005AB8E = {
						CreatedOnToolsVersion = 16.4;
						TestTargetID = 7161FC802E1E8EB90005AB8E;
					};
				};
			};
			buildConfigurationList = 7161FC7C2E1E8EB90005AB8E /* Build configuration list for PBXProject "LBG_Demo" */;
			developmentRegion = en;
			hasScannedForEncodings = 0;
			knownRegions = (
				en,
				Base,
			);
			mainGroup = 7161FC782E1E8EB90005AB8E;
			minimizedProjectReferenceProxies = 1;
			packageReferences = (
				7161FCDB2E1E9AAA0005AB8E /* XCRemoteSwiftPackageReference "ViewInspector" */,
				7B3ED6D12E2A245A00914BDB /* XCRemoteSwiftPackageReference "Reachability" */,
			);
			preferredProjectObjectVersion = 77;
			productRefGroup = 7161FC822E1E8EB90005AB8E /* Products */;
			projectDirPath = "";
			projectRoot = "";
			targets = (
				7161FC802E1E8EB90005AB8E /* LBG_Demo */,
				7161FC8E2E1E8EBB0005AB8E /* LBG_DemoTests */,
				7161FC982E1E8EBB0005AB8E /* LBG_DemoUITests */,
			);
		};
/* End PBXProject section */

/* Begin PBXResourcesBuildPhase section */
		7161FC7F2E1E8EB90005AB8E /* Resources */ = {
			isa = PBXResourcesBuildPhase;
			buildActionMask = 2147483647;
			files = (
			);
			runOnlyForDeploymentPostprocessing = 0;
		};
		7161FC8D2E1E8EBB0005AB8E /* Resources */ = {
			isa = PBXResourcesBuildPhase;
			buildActionMask = 2147483647;
			files = (
			);
			runOnlyForDeploymentPostprocessing = 0;
		};
		7161FC972E1E8EBB0005AB8E /* Resources */ = {
			isa = PBXResourcesBuildPhase;
			buildActionMask = 2147483647;
			files = (
			);
			runOnlyForDeploymentPostprocessing = 0;
		};
/* End PBXResourcesBuildPhase section */

/* Begin PBXSourcesBuildPhase section */
		7161FC7D2E1E8EB90005AB8E /* Sources */ = {
			isa = PBXSourcesBuildPhase;
			buildActionMask = 2147483647;
			files = (
			);
			runOnlyForDeploymentPostprocessing = 0;
		};
		7161FC8B2E1E8EBB0005AB8E /* Sources */ = {
			isa = PBXSourcesBuildPhase;
			buildActionMask = 2147483647;
			files = (
			);
			runOnlyForDeploymentPostprocessing = 0;
		};
		7161FC952E1E8EBB0005AB8E /* Sources */ = {
			isa = PBXSourcesBuildPhase;
			buildActionMask = 2147483647;
			files = (
			);
			runOnlyForDeploymentPostprocessing = 0;
		};
/* End PBXSourcesBuildPhase section */

/* Begin PBXTargetDependency section */
		7161FC912E1E8EBB0005AB8E /* PBXTargetDependency */ = {
			isa = PBXTargetDependency;
			target = 7161FC802E1E8EB90005AB8E /* LBG_Demo */;
			targetProxy = 7161FC902E1E8EBB0005AB8E /* PBXContainerItemProxy */;
		};
		7161FC9B2E1E8EBB0005AB8E /* PBXTargetDependency */ = {
			isa = PBXTargetDependency;
			target = 7161FC802E1E8EB90005AB8E /* LBG_Demo */;
			targetProxy = 7161FC9A2E1E8EBB0005AB8E /* PBXContainerItemProxy */;
		};
/* End PBXTargetDependency section */

/* Begin XCBuildConfiguration section */
		7161FCA12E1E8EBB0005AB8E /* Debug */ = {
			isa = XCBuildConfiguration;
			buildSettings = {
				ALWAYS_SEARCH_USER_PATHS = NO;
				ASSETCATALOG_COMPILER_GENERATE_SWIFT_ASSET_SYMBOL_EXTENSIONS = YES;
				CLANG_ANALYZER_NONNULL = YES;
				CLANG_ANALYZER_NUMBER_OBJECT_CONVERSION = YES_AGGRESSIVE;
				CLANG_CXX_LANGUAGE_STANDARD = "gnu++20";
				CLANG_ENABLE_MODULES = YES;
				CLANG_ENABLE_OBJC_ARC = YES;
				CLANG_ENABLE_OBJC_WEAK = YES;
				CLANG_WARN_BLOCK_CAPTURE_AUTORELEASING = YES;
				CLANG_WARN_BOOL_CONVERSION = YES;
				CLANG_WARN_COMMA = YES;
				CLANG_WARN_CONSTANT_CONVERSION = YES;
				CLANG_WARN_DEPRECATED_OBJC_IMPLEMENTATIONS = YES;
				CLANG_WARN_DIRECT_OBJC_ISA_USAGE = YES_ERROR;
				CLANG_WARN_DOCUMENTATION_COMMENTS = YES;
				CLANG_WARN_EMPTY_BODY = YES;
				CLANG_WARN_ENUM_CONVERSION = YES;
				CLANG_WARN_INFINITE_RECURSION = YES;
				CLANG_WARN_INT_CONVERSION = YES;
				CLANG_WARN_NON_LITERAL_NULL_CONVERSION = YES;
				CLANG_WARN_OBJC_IMPLICIT_RETAIN_SELF = YES;
				CLANG_WARN_OBJC_LITERAL_CONVERSION = YES;
				CLANG_WARN_OBJC_ROOT_CLASS = YES_ERROR;
				CLANG_WARN_QUOTED_INCLUDE_IN_FRAMEWORK_HEADER = YES;
				CLANG_WARN_RANGE_LOOP_ANALYSIS = YES;
				CLANG_WARN_STRICT_PROTOTYPES = YES;
				CLANG_WARN_SUSPICIOUS_MOVE = YES;
				CLANG_WARN_UNGUARDED_AVAILABILITY = YES_AGGRESSIVE;
				CLANG_WARN_UNREACHABLE_CODE = YES;
				CLANG_WARN__DUPLICATE_METHOD_MATCH = YES;
				COPY_PHASE_STRIP = NO;
				DEBUG_INFORMATION_FORMAT = dwarf;
				ENABLE_STRICT_OBJC_MSGSEND = YES;
				ENABLE_TESTABILITY = YES;
				ENABLE_USER_SCRIPT_SANDBOXING = YES;
				GCC_C_LANGUAGE_STANDARD = gnu17;
				GCC_DYNAMIC_NO_PIC = NO;
				GCC_NO_COMMON_BLOCKS = YES;
				GCC_OPTIMIZATION_LEVEL = 0;
				GCC_PREPROCESSOR_DEFINITIONS = (
					"DEBUG=1",
					"$(inherited)",
				);
				GCC_WARN_64_TO_32_BIT_CONVERSION = YES;
				GCC_WARN_ABOUT_RETURN_TYPE = YES_ERROR;
				GCC_WARN_UNDECLARED_SELECTOR = YES;
				GCC_WARN_UNINITIALIZED_AUTOS = YES_AGGRESSIVE;
				GCC_WARN_UNUSED_FUNCTION = YES;
				GCC_WARN_UNUSED_VARIABLE = YES;
				LOCALIZATION_PREFERS_STRING_CATALOGS = YES;
				MTL_ENABLE_DEBUG_INFO = INCLUDE_SOURCE;
				MTL_FAST_MATH = YES;
				ONLY_ACTIVE_ARCH = YES;
				SWIFT_ACTIVE_COMPILATION_CONDITIONS = "DEBUG $(inherited)";
				SWIFT_OPTIMIZATION_LEVEL = "-Onone";
			};
			name = Debug;
		};
		7161FCA22E1E8EBB0005AB8E /* Release */ = {
			isa = XCBuildConfiguration;
			buildSettings = {
				ALWAYS_SEARCH_USER_PATHS = NO;
				ASSETCATALOG_COMPILER_GENERATE_SWIFT_ASSET_SYMBOL_EXTENSIONS = YES;
				CLANG_ANALYZER_NONNULL = YES;
				CLANG_ANALYZER_NUMBER_OBJECT_CONVERSION = YES_AGGRESSIVE;
				CLANG_CXX_LANGUAGE_STANDARD = "gnu++20";
				CLANG_ENABLE_MODULES = YES;
				CLANG_ENABLE_OBJC_ARC = YES;
				CLANG_ENABLE_OBJC_WEAK = YES;
				CLANG_WARN_BLOCK_CAPTURE_AUTORELEASING = YES;
				CLANG_WARN_BOOL_CONVERSION = YES;
				CLANG_WARN_COMMA = YES;
				CLANG_WARN_CONSTANT_CONVERSION = YES;
				CLANG_WARN_DEPRECATED_OBJC_IMPLEMENTATIONS = YES;
				CLANG_WARN_DIRECT_OBJC_ISA_USAGE = YES_ERROR;
				CLANG_WARN_DOCUMENTATION_COMMENTS = YES;
				CLANG_WARN_EMPTY_BODY = YES;
				CLANG_WARN_ENUM_CONVERSION = YES;
				CLANG_WARN_INFINITE_RECURSION = YES;
				CLANG_WARN_INT_CONVERSION = YES;
				CLANG_WARN_NON_LITERAL_NULL_CONVERSION = YES;
				CLANG_WARN_OBJC_IMPLICIT_RETAIN_SELF = YES;
				CLANG_WARN_OBJC_LITERAL_CONVERSION = YES;
				CLANG_WARN_OBJC_ROOT_CLASS = YES_ERROR;
				CLANG_WARN_QUOTED_INCLUDE_IN_FRAMEWORK_HEADER = YES;
				CLANG_WARN_RANGE_LOOP_ANALYSIS = YES;
				CLANG_WARN_STRICT_PROTOTYPES = YES;
				CLANG_WARN_SUSPICIOUS_MOVE = YES;
				CLANG_WARN_UNGUARDED_AVAILABILITY = YES_AGGRESSIVE;
				CLANG_WARN_UNREACHABLE_CODE = YES;
				CLANG_WARN__DUPLICATE_METHOD_MATCH = YES;
				COPY_PHASE_STRIP = NO;
				DEBUG_INFORMATION_FORMAT = "dwarf-with-dsym";
				ENABLE_NS_ASSERTIONS = NO;
				ENABLE_STRICT_OBJC_MSGSEND = YES;
				ENABLE_USER_SCRIPT_SANDBOXING = YES;
				GCC_C_LANGUAGE_STANDARD = gnu17;
				GCC_NO_COMMON_BLOCKS = YES;
				GCC_WARN_64_TO_32_BIT_CONVERSION = YES;
				GCC_WARN_ABOUT_RETURN_TYPE = YES_ERROR;
				GCC_WARN_UNDECLARED_SELECTOR = YES;
				GCC_WARN_UNINITIALIZED_AUTOS = YES_AGGRESSIVE;
				GCC_WARN_UNUSED_FUNCTION = YES;
				GCC_WARN_UNUSED_VARIABLE = YES;
				LOCALIZATION_PREFERS_STRING_CATALOGS = YES;
				MTL_ENABLE_DEBUG_INFO = NO;
				MTL_FAST_MATH = YES;
				SWIFT_COMPILATION_MODE = wholemodule;
			};
			name = Release;
		};
		7161FCA42E1E8EBB0005AB8E /* Debug */ = {
			isa = XCBuildConfiguration;
			buildSettings = {
				ASSETCATALOG_COMPILER_APPICON_NAME = AppIcon;
				ASSETCATALOG_COMPILER_GLOBAL_ACCENT_COLOR_NAME = AccentColor;
				CODE_SIGN_ENTITLEMENTS = LBG_Demo/LBG_Demo.entitlements;
				CODE_SIGN_STYLE = Automatic;
				CURRENT_PROJECT_VERSION = 1;
				ENABLE_PREVIEWS = YES;
				GENERATE_INFOPLIST_FILE = YES;
				"INFOPLIST_KEY_UIApplicationSceneManifest_Generation[sdk=iphoneos*]" = YES;
				"INFOPLIST_KEY_UIApplicationSceneManifest_Generation[sdk=iphonesimulator*]" = YES;
				"INFOPLIST_KEY_UIApplicationSupportsIndirectInputEvents[sdk=iphoneos*]" = YES;
				"INFOPLIST_KEY_UIApplicationSupportsIndirectInputEvents[sdk=iphonesimulator*]" = YES;
				"INFOPLIST_KEY_UILaunchScreen_Generation[sdk=iphoneos*]" = YES;
				"INFOPLIST_KEY_UILaunchScreen_Generation[sdk=iphonesimulator*]" = YES;
				"INFOPLIST_KEY_UIStatusBarStyle[sdk=iphoneos*]" = UIStatusBarStyleDefault;
				"INFOPLIST_KEY_UIStatusBarStyle[sdk=iphonesimulator*]" = UIStatusBarStyleDefault;
				INFOPLIST_KEY_UISupportedInterfaceOrientations_iPad = "UIInterfaceOrientationPortrait UIInterfaceOrientationPortraitUpsideDown UIInterfaceOrientationLandscapeLeft UIInterfaceOrientationLandscapeRight";
				INFOPLIST_KEY_UISupportedInterfaceOrientations_iPhone = "UIInterfaceOrientationPortrait UIInterfaceOrientationLandscapeLeft UIInterfaceOrientationLandscapeRight";
				IPHONEOS_DEPLOYMENT_TARGET = 18.5;
				LD_RUNPATH_SEARCH_PATHS = "@executable_path/Frameworks";
				"LD_RUNPATH_SEARCH_PATHS[sdk=macosx*]" = "@executable_path/../Frameworks";
				MACOSX_DEPLOYMENT_TARGET = 15.5;
				MARKETING_VERSION = 1.0;
				PRODUCT_BUNDLE_IDENTIFIER = "LBGTest.LBG-Demo";
				PRODUCT_NAME = "$(TARGET_NAME)";
				REGISTER_APP_GROUPS = YES;
				SDKROOT = auto;
				SUPPORTED_PLATFORMS = "iphoneos iphonesimulator macosx xros xrsimulator";
				SWIFT_EMIT_LOC_STRINGS = YES;
				SWIFT_VERSION = 5.0;
				TARGETED_DEVICE_FAMILY = "1,2,7";
				XROS_DEPLOYMENT_TARGET = 2.5;
			};
			name = Debug;
		};
		7161FCA52E1E8EBB0005AB8E /* Release */ = {
			isa = XCBuildConfiguration;
			buildSettings = {
				ASSETCATALOG_COMPILER_APPICON_NAME = AppIcon;
				ASSETCATALOG_COMPILER_GLOBAL_ACCENT_COLOR_NAME = AccentColor;
				CODE_SIGN_ENTITLEMENTS = LBG_Demo/LBG_Demo.entitlements;
				CODE_SIGN_STYLE = Automatic;
				CURRENT_PROJECT_VERSION = 1;
				ENABLE_PREVIEWS = YES;
				GENERATE_INFOPLIST_FILE = YES;
				"INFOPLIST_KEY_UIApplicationSceneManifest_Generation[sdk=iphoneos*]" = YES;
				"INFOPLIST_KEY_UIApplicationSceneManifest_Generation[sdk=iphonesimulator*]" = YES;
				"INFOPLIST_KEY_UIApplicationSupportsIndirectInputEvents[sdk=iphoneos*]" = YES;
				"INFOPLIST_KEY_UIApplicationSupportsIndirectInputEvents[sdk=iphonesimulator*]" = YES;
				"INFOPLIST_KEY_UILaunchScreen_Generation[sdk=iphoneos*]" = YES;
				"INFOPLIST_KEY_UILaunchScreen_Generation[sdk=iphonesimulator*]" = YES;
				"INFOPLIST_KEY_UIStatusBarStyle[sdk=iphoneos*]" = UIStatusBarStyleDefault;
				"INFOPLIST_KEY_UIStatusBarStyle[sdk=iphonesimulator*]" = UIStatusBarStyleDefault;
				INFOPLIST_KEY_UISupportedInterfaceOrientations_iPad = "UIInterfaceOrientationPortrait UIInterfaceOrientationPortraitUpsideDown UIInterfaceOrientationLandscapeLeft UIInterfaceOrientationLandscapeRight";
				INFOPLIST_KEY_UISupportedInterfaceOrientations_iPhone = "UIInterfaceOrientationPortrait UIInterfaceOrientationLandscapeLeft UIInterfaceOrientationLandscapeRight";
				IPHONEOS_DEPLOYMENT_TARGET = 18.5;
				LD_RUNPATH_SEARCH_PATHS = "@executable_path/Frameworks";
				"LD_RUNPATH_SEARCH_PATHS[sdk=macosx*]" = "@executable_path/../Frameworks";
				MACOSX_DEPLOYMENT_TARGET = 15.5;
				MARKETING_VERSION = 1.0;
				PRODUCT_BUNDLE_IDENTIFIER = "LBGTest.LBG-Demo";
				PRODUCT_NAME = "$(TARGET_NAME)";
				REGISTER_APP_GROUPS = YES;
				SDKROOT = auto;
				SUPPORTED_PLATFORMS = "iphoneos iphonesimulator macosx xros xrsimulator";
				SWIFT_EMIT_LOC_STRINGS = YES;
				SWIFT_VERSION = 5.0;
				TARGETED_DEVICE_FAMILY = "1,2,7";
				XROS_DEPLOYMENT_TARGET = 2.5;
			};
			name = Release;
		};
		7161FCA72E1E8EBB0005AB8E /* Debug */ = {
			isa = XCBuildConfiguration;
			buildSettings = {
				BUNDLE_LOADER = "$(TEST_HOST)";
				CODE_SIGN_STYLE = Automatic;
				CURRENT_PROJECT_VERSION = 1;
				GENERATE_INFOPLIST_FILE = YES;
				IPHONEOS_DEPLOYMENT_TARGET = 18.5;
				MACOSX_DEPLOYMENT_TARGET = 15.5;
				MARKETING_VERSION = 1.0;
				PRODUCT_BUNDLE_IDENTIFIER = "LBGTest.LBG-DemoTests";
				PRODUCT_NAME = "$(TARGET_NAME)";
				SDKROOT = auto;
				SUPPORTED_PLATFORMS = "iphoneos iphonesimulator macosx xros xrsimulator";
				SWIFT_EMIT_LOC_STRINGS = NO;
				SWIFT_VERSION = 5.0;
				TARGETED_DEVICE_FAMILY = "1,2,7";
				TEST_HOST = "$(BUILT_PRODUCTS_DIR)/LBG_Demo.app/$(BUNDLE_EXECUTABLE_FOLDER_PATH)/LBG_Demo";
				XROS_DEPLOYMENT_TARGET = 2.5;
			};
			name = Debug;
		};
		7161FCA82E1E8EBB0005AB8E /* Release */ = {
			isa = XCBuildConfiguration;
			buildSettings = {
				BUNDLE_LOADER = "$(TEST_HOST)";
				CODE_SIGN_STYLE = Automatic;
				CURRENT_PROJECT_VERSION = 1;
				GENERATE_INFOPLIST_FILE = YES;
				IPHONEOS_DEPLOYMENT_TARGET = 18.5;
				MACOSX_DEPLOYMENT_TARGET = 15.5;
				MARKETING_VERSION = 1.0;
				PRODUCT_BUNDLE_IDENTIFIER = "LBGTest.LBG-DemoTests";
				PRODUCT_NAME = "$(TARGET_NAME)";
				SDKROOT = auto;
				SUPPORTED_PLATFORMS = "iphoneos iphonesimulator macosx xros xrsimulator";
				SWIFT_EMIT_LOC_STRINGS = NO;
				SWIFT_VERSION = 5.0;
				TARGETED_DEVICE_FAMILY = "1,2,7";
				TEST_HOST = "$(BUILT_PRODUCTS_DIR)/LBG_Demo.app/$(BUNDLE_EXECUTABLE_FOLDER_PATH)/LBG_Demo";
				XROS_DEPLOYMENT_TARGET = 2.5;
			};
			name = Release;
		};
		7161FCAA2E1E8EBB0005AB8E /* Debug */ = {
			isa = XCBuildConfiguration;
			buildSettings = {
				CODE_SIGN_STYLE = Automatic;
				CURRENT_PROJECT_VERSION = 1;
				GENERATE_INFOPLIST_FILE = YES;
				IPHONEOS_DEPLOYMENT_TARGET = 18.5;
				MACOSX_DEPLOYMENT_TARGET = 15.5;
				MARKETING_VERSION = 1.0;
				PRODUCT_BUNDLE_IDENTIFIER = "LBGTest.LBG-DemoUITests";
				PRODUCT_NAME = "$(TARGET_NAME)";
				SDKROOT = auto;
				SUPPORTED_PLATFORMS = "iphoneos iphonesimulator macosx xros xrsimulator";
				SWIFT_EMIT_LOC_STRINGS = NO;
				SWIFT_VERSION = 5.0;
				TARGETED_DEVICE_FAMILY = "1,2,7";
				TEST_TARGET_NAME = LBG_Demo;
				XROS_DEPLOYMENT_TARGET = 2.5;
			};
			name = Debug;
		};
		7161FCAB2E1E8EBB0005AB8E /* Release */ = {
			isa = XCBuildConfiguration;
			buildSettings = {
				CODE_SIGN_STYLE = Automatic;
				CURRENT_PROJECT_VERSION = 1;
				GENERATE_INFOPLIST_FILE = YES;
				IPHONEOS_DEPLOYMENT_TARGET = 18.5;
				MACOSX_DEPLOYMENT_TARGET = 15.5;
				MARKETING_VERSION = 1.0;
				PRODUCT_BUNDLE_IDENTIFIER = "LBGTest.LBG-DemoUITests";
				PRODUCT_NAME = "$(TARGET_NAME)";
				SDKROOT = auto;
				SUPPORTED_PLATFORMS = "iphoneos iphonesimulator macosx xros xrsimulator";
				SWIFT_EMIT_LOC_STRINGS = NO;
				SWIFT_VERSION = 5.0;
				TARGETED_DEVICE_FAMILY = "1,2,7";
				TEST_TARGET_NAME = LBG_Demo;
				XROS_DEPLOYMENT_TARGET = 2.5;
			};
			name = Release;
		};
/* End XCBuildConfiguration section */

/* Begin XCConfigurationList section */
		7161FC7C2E1E8EB90005AB8E /* Build configuration list for PBXProject "LBG_Demo" */ = {
			isa = XCConfigurationList;
			buildConfigurations = (
				7161FCA12E1E8EBB0005AB8E /* Debug */,
				7161FCA22E1E8EBB0005AB8E /* Release */,
			);
			defaultConfigurationIsVisible = 0;
			defaultConfigurationName = Release;
		};
		7161FCA32E1E8EBB0005AB8E /* Build configuration list for PBXNativeTarget "LBG_Demo" */ = {
			isa = XCConfigurationList;
			buildConfigurations = (
				7161FCA42E1E8EBB0005AB8E /* Debug */,
				7161FCA52E1E8EBB0005AB8E /* Release */,
			);
			defaultConfigurationIsVisible = 0;
			defaultConfigurationName = Release;
		};
		7161FCA62E1E8EBB0005AB8E /* Build configuration list for PBXNativeTarget "LBG_DemoTests" */ = {
			isa = XCConfigurationList;
			buildConfigurations = (
				7161FCA72E1E8EBB0005AB8E /* Debug */,
				7161FCA82E1E8EBB0005AB8E /* Release */,
			);
			defaultConfigurationIsVisible = 0;
			defaultConfigurationName = Release;
		};
		7161FCA92E1E8EBB0005AB8E /* Build configuration list for PBXNativeTarget "LBG_DemoUITests" */ = {
			isa = XCConfigurationList;
			buildConfigurations = (
				7161FCAA2E1E8EBB0005AB8E /* Debug */,
				7161FCAB2E1E8EBB0005AB8E /* Release */,
			);
			defaultConfigurationIsVisible = 0;
			defaultConfigurationName = Release;
		};
/* End XCConfigurationList section */

/* Begin XCRemoteSwiftPackageReference section */
		7161FCDB2E1E9AAA0005AB8E /* XCRemoteSwiftPackageReference "ViewInspector" */ = {
			isa = XCRemoteSwiftPackageReference;
			repositoryURL = "https://github.com/nalexn/ViewInspector.git";
			requirement = {
				kind = upToNextMajorVersion;
				minimumVersion = 0.10.2;
			};
		};
		7B3ED6D12E2A245A00914BDB /* XCRemoteSwiftPackageReference "Reachability" */ = {
			isa = XCRemoteSwiftPackageReference;
			repositoryURL = "https://github.com/ashleymills/Reachability.swift";
			requirement = {
				branch = master;
				kind = branch;
			};
		};
/* End XCRemoteSwiftPackageReference section */

/* Begin XCSwiftPackageProductDependency section */
		7161FCDC2E1E9AAA0005AB8E /* ViewInspector */ = {
			isa = XCSwiftPackageProductDependency;
			package = 7161FCDB2E1E9AAA0005AB8E /* XCRemoteSwiftPackageReference "ViewInspector" */;
			productName = ViewInspector;
		};
		7B3ED6D22E2A245A00914BDB /* Reachability */ = {
			isa = XCSwiftPackageProductDependency;
			package = 7B3ED6D12E2A245A00914BDB /* XCRemoteSwiftPackageReference "Reachability" */;
			productName = Reachability;
		};
/* End XCSwiftPackageProductDependency section */
	};
	rootObject = 7161FC792E1E8EB90005AB8E /* Project object */;
}
